// !$*UTF8*$!
{
	archiveVersion = 1;
	classes = {
	};
	objectVersion = 56;
	objects = {

/* Begin PBXBuildFile section */
		702EC1422C9783AE003248BF /* Detailed3DView.swift in Sources */ = {isa = PBXBuildFile; fileRef = 702EC1412C9783AE003248BF /* Detailed3DView.swift */; };
		702EC1452C978AB0003248BF /* FavoriteShoesUseCase.swift in Sources */ = {isa = PBXBuildFile; fileRef = 702EC1442C978AB0003248BF /* FavoriteShoesUseCase.swift */; };
		702EC1472C978B32003248BF /* DetailFactory.swift in Sources */ = {isa = PBXBuildFile; fileRef = 702EC1462C978B32003248BF /* DetailFactory.swift */; };
		702EC1492C978F39003248BF /* FavoriteShoesRepository.swift in Sources */ = {isa = PBXBuildFile; fileRef = 702EC1482C978F39003248BF /* FavoriteShoesRepository.swift */; };
		702EC14B2C979091003248BF /* SwiftDataManager.swift in Sources */ = {isa = PBXBuildFile; fileRef = 702EC14A2C979091003248BF /* SwiftDataManager.swift */; };
		707516802C93A680000BEE92 /* SpatialShoesApp.swift in Sources */ = {isa = PBXBuildFile; fileRef = 7075167F2C93A680000BEE92 /* SpatialShoesApp.swift */; };
		707516842C93A681000BEE92 /* Assets.xcassets in Resources */ = {isa = PBXBuildFile; fileRef = 707516832C93A681000BEE92 /* Assets.xcassets */; };
		707516872C93A681000BEE92 /* Preview Assets.xcassets in Resources */ = {isa = PBXBuildFile; fileRef = 707516862C93A681000BEE92 /* Preview Assets.xcassets */; };
		707516922C93A782000BEE92 /* HomeView.swift in Sources */ = {isa = PBXBuildFile; fileRef = 707516912C93A782000BEE92 /* HomeView.swift */; };
		707516942C93A7AC000BEE92 /* Shoes.json in Resources */ = {isa = PBXBuildFile; fileRef = 707516932C93A7AC000BEE92 /* Shoes.json */; };
		707516972C93A80B000BEE92 /* JSONManager.swift in Sources */ = {isa = PBXBuildFile; fileRef = 707516962C93A80B000BEE92 /* JSONManager.swift */; };
		7075169A2C93A84B000BEE92 /* Shoe.swift in Sources */ = {isa = PBXBuildFile; fileRef = 707516992C93A84B000BEE92 /* Shoe.swift */; };
		7075169E2C93AA92000BEE92 /* ShoeDataRepository.swift in Sources */ = {isa = PBXBuildFile; fileRef = 7075169D2C93AA92000BEE92 /* ShoeDataRepository.swift */; };
		707516A22C93ABCF000BEE92 /* HomeViewModel.swift in Sources */ = {isa = PBXBuildFile; fileRef = 707516A12C93ABCF000BEE92 /* HomeViewModel.swift */; };
		707516A62C93AF02000BEE92 /* DetailView.swift in Sources */ = {isa = PBXBuildFile; fileRef = 707516A52C93AF02000BEE92 /* DetailView.swift */; };
		707516A92C93AF1B000BEE92 /* DetailViewModel.swift in Sources */ = {isa = PBXBuildFile; fileRef = 707516A82C93AF1B000BEE92 /* DetailViewModel.swift */; };
		707516AC2C93BA59000BEE92 /* HomeFactory.swift in Sources */ = {isa = PBXBuildFile; fileRef = 707516AB2C93BA59000BEE92 /* HomeFactory.swift */; };
		708376FD2C93D1DF008DC7AB /* JSONManagerTests.swift in Sources */ = {isa = PBXBuildFile; fileRef = 708376FC2C93D1DF008DC7AB /* JSONManagerTests.swift */; };
		708376FF2C93D1F0008DC7AB /* ShoeDataRepositoryTests.swift in Sources */ = {isa = PBXBuildFile; fileRef = 708376FE2C93D1F0008DC7AB /* ShoeDataRepositoryTests.swift */; };
		708377012C93D355008DC7AB /* ShoesTest.json in Resources */ = {isa = PBXBuildFile; fileRef = 708377002C93D355008DC7AB /* ShoesTest.json */; };
		709982B62C979DFA00B0257A /* SpatialShoesScene in Frameworks */ = {isa = PBXBuildFile; productRef = 709982B52C979DFA00B0257A /* SpatialShoesScene */; };
/* End PBXBuildFile section */

/* Begin PBXContainerItemProxy section */
		708376F02C93D118008DC7AB /* PBXContainerItemProxy */ = {
			isa = PBXContainerItemProxy;
			containerPortal = 707516702C93A680000BEE92 /* Project object */;
			proxyType = 1;
			remoteGlobalIDString = 707516772C93A680000BEE92;
			remoteInfo = SpatialShoes;
		};
/* End PBXContainerItemProxy section */

/* Begin PBXFileReference section */
		702EC1412C9783AE003248BF /* Detailed3DView.swift */ = {isa = PBXFileReference; lastKnownFileType = sourcecode.swift; path = Detailed3DView.swift; sourceTree = "<group>"; };
		702EC1442C978AB0003248BF /* FavoriteShoesUseCase.swift */ = {isa = PBXFileReference; lastKnownFileType = sourcecode.swift; path = FavoriteShoesUseCase.swift; sourceTree = "<group>"; };
		702EC1462C978B32003248BF /* DetailFactory.swift */ = {isa = PBXFileReference; lastKnownFileType = sourcecode.swift; path = DetailFactory.swift; sourceTree = "<group>"; };
		702EC1482C978F39003248BF /* FavoriteShoesRepository.swift */ = {isa = PBXFileReference; lastKnownFileType = sourcecode.swift; path = FavoriteShoesRepository.swift; sourceTree = "<group>"; };
		702EC14A2C979091003248BF /* SwiftDataManager.swift */ = {isa = PBXFileReference; lastKnownFileType = sourcecode.swift; path = SwiftDataManager.swift; sourceTree = "<group>"; };
		707516782C93A680000BEE92 /* SpatialShoes.app */ = {isa = PBXFileReference; explicitFileType = wrapper.application; includeInIndex = 0; path = SpatialShoes.app; sourceTree = BUILT_PRODUCTS_DIR; };
		7075167F2C93A680000BEE92 /* SpatialShoesApp.swift */ = {isa = PBXFileReference; lastKnownFileType = sourcecode.swift; path = SpatialShoesApp.swift; sourceTree = "<group>"; };
		707516832C93A681000BEE92 /* Assets.xcassets */ = {isa = PBXFileReference; lastKnownFileType = folder.assetcatalog; path = Assets.xcassets; sourceTree = "<group>"; };
		707516862C93A681000BEE92 /* Preview Assets.xcassets */ = {isa = PBXFileReference; lastKnownFileType = folder.assetcatalog; path = "Preview Assets.xcassets"; sourceTree = "<group>"; };
		707516882C93A681000BEE92 /* Info.plist */ = {isa = PBXFileReference; lastKnownFileType = text.plist.xml; path = Info.plist; sourceTree = "<group>"; };
		707516912C93A782000BEE92 /* HomeView.swift */ = {isa = PBXFileReference; lastKnownFileType = sourcecode.swift; path = HomeView.swift; sourceTree = "<group>"; };
		707516932C93A7AC000BEE92 /* Shoes.json */ = {isa = PBXFileReference; fileEncoding = 4; lastKnownFileType = text.json; path = Shoes.json; sourceTree = "<group>"; };
		707516962C93A80B000BEE92 /* JSONManager.swift */ = {isa = PBXFileReference; lastKnownFileType = sourcecode.swift; path = JSONManager.swift; sourceTree = "<group>"; };
		707516992C93A84B000BEE92 /* Shoe.swift */ = {isa = PBXFileReference; lastKnownFileType = sourcecode.swift; path = Shoe.swift; sourceTree = "<group>"; };
		7075169D2C93AA92000BEE92 /* ShoeDataRepository.swift */ = {isa = PBXFileReference; lastKnownFileType = sourcecode.swift; path = ShoeDataRepository.swift; sourceTree = "<group>"; };
		707516A12C93ABCF000BEE92 /* HomeViewModel.swift */ = {isa = PBXFileReference; lastKnownFileType = sourcecode.swift; path = HomeViewModel.swift; sourceTree = "<group>"; };
		707516A52C93AF02000BEE92 /* DetailView.swift */ = {isa = PBXFileReference; lastKnownFileType = sourcecode.swift; path = DetailView.swift; sourceTree = "<group>"; };
		707516A82C93AF1B000BEE92 /* DetailViewModel.swift */ = {isa = PBXFileReference; lastKnownFileType = sourcecode.swift; path = DetailViewModel.swift; sourceTree = "<group>"; };
		707516AB2C93BA59000BEE92 /* HomeFactory.swift */ = {isa = PBXFileReference; lastKnownFileType = sourcecode.swift; path = HomeFactory.swift; sourceTree = "<group>"; };
		708376EC2C93D118008DC7AB /* SpatialShoesTests.xctest */ = {isa = PBXFileReference; explicitFileType = wrapper.cfbundle; includeInIndex = 0; path = SpatialShoesTests.xctest; sourceTree = BUILT_PRODUCTS_DIR; };
		708376FC2C93D1DF008DC7AB /* JSONManagerTests.swift */ = {isa = PBXFileReference; lastKnownFileType = sourcecode.swift; path = JSONManagerTests.swift; sourceTree = "<group>"; };
		708376FE2C93D1F0008DC7AB /* ShoeDataRepositoryTests.swift */ = {isa = PBXFileReference; lastKnownFileType = sourcecode.swift; path = ShoeDataRepositoryTests.swift; sourceTree = "<group>"; };
		708377002C93D355008DC7AB /* ShoesTest.json */ = {isa = PBXFileReference; fileEncoding = 4; lastKnownFileType = text.json; path = ShoesTest.json; sourceTree = "<group>"; };
		709982B32C979DEA00B0257A /* SpatialShoesScene */ = {isa = PBXFileReference; lastKnownFileType = wrapper; name = SpatialShoesScene; path = ../../../../SpatialShoesScene; sourceTree = "<group>"; };
/* End PBXFileReference section */

/* Begin PBXFrameworksBuildPhase section */
		707516752C93A680000BEE92 /* Frameworks */ = {
			isa = PBXFrameworksBuildPhase;
			buildActionMask = 2147483647;
			files = (
				709982B62C979DFA00B0257A /* SpatialShoesScene in Frameworks */,
			);
			runOnlyForDeploymentPostprocessing = 0;
		};
		708376E92C93D118008DC7AB /* Frameworks */ = {
			isa = PBXFrameworksBuildPhase;
			buildActionMask = 2147483647;
			files = (
			);
			runOnlyForDeploymentPostprocessing = 0;
		};
/* End PBXFrameworksBuildPhase section */

/* Begin PBXGroup section */
		7014154A2C964E530099AD8F /* Modules */ = {
			isa = PBXGroup;
			children = (
				707516A42C93AEED000BEE92 /* Detail */,
				707516902C93A744000BEE92 /* Home */,
			);
			path = Modules;
			sourceTree = "<group>";
		};
		7014154B2C964E690099AD8F /* Data */ = {
			isa = PBXGroup;
			children = (
				702EC1482C978F39003248BF /* FavoriteShoesRepository.swift */,
				7075169D2C93AA92000BEE92 /* ShoeDataRepository.swift */,
			);
			path = Data;
			sourceTree = "<group>";
		};
		702EC1432C978A97003248BF /* UseCases */ = {
			isa = PBXGroup;
			children = (
				702EC1442C978AB0003248BF /* FavoriteShoesUseCase.swift */,
			);
			path = UseCases;
			sourceTree = "<group>";
		};
		7075166F2C93A680000BEE92 = {
			isa = PBXGroup;
			children = (
				7075167A2C93A680000BEE92 /* SpatialShoes */,
				7075167B2C93A680000BEE92 /* Packages */,
				708376ED2C93D118008DC7AB /* SpatialShoesTests */,
				707516792C93A680000BEE92 /* Products */,
				709982B42C979DFA00B0257A /* Frameworks */,
			);
			sourceTree = "<group>";
		};
		707516792C93A680000BEE92 /* Products */ = {
			isa = PBXGroup;
			children = (
				707516782C93A680000BEE92 /* SpatialShoes.app */,
				708376EC2C93D118008DC7AB /* SpatialShoesTests.xctest */,
			);
			name = Products;
			sourceTree = "<group>";
		};
		7075167A2C93A680000BEE92 /* SpatialShoes */ = {
			isa = PBXGroup;
			children = (
				707516882C93A681000BEE92 /* Info.plist */,
				7075167F2C93A680000BEE92 /* SpatialShoesApp.swift */,
				707516952C93A7F7000BEE92 /* Common */,
				7075168F2C93A734000BEE92 /* Presentation */,
				7014154B2C964E690099AD8F /* Data */,
				7075169C2C93AA73000BEE92 /* Domain */,
				707516852C93A681000BEE92 /* Preview Content */,
				7075168E2C93A721000BEE92 /* Resources */,
			);
			path = SpatialShoes;
			sourceTree = "<group>";
		};
		7075167B2C93A680000BEE92 /* Packages */ = {
			isa = PBXGroup;
			children = (
				709982B32C979DEA00B0257A /* SpatialShoesScene */,
			);
			path = Packages;
			sourceTree = "<group>";
		};
		707516852C93A681000BEE92 /* Preview Content */ = {
			isa = PBXGroup;
			children = (
				707516862C93A681000BEE92 /* Preview Assets.xcassets */,
			);
			path = "Preview Content";
			sourceTree = "<group>";
		};
		7075168E2C93A721000BEE92 /* Resources */ = {
			isa = PBXGroup;
			children = (
				707516932C93A7AC000BEE92 /* Shoes.json */,
				707516832C93A681000BEE92 /* Assets.xcassets */,
			);
			path = Resources;
			sourceTree = "<group>";
		};
		7075168F2C93A734000BEE92 /* Presentation */ = {
			isa = PBXGroup;
			children = (
				7014154A2C964E530099AD8F /* Modules */,
			);
			path = Presentation;
			sourceTree = "<group>";
		};
		707516902C93A744000BEE92 /* Home */ = {
			isa = PBXGroup;
			children = (
				707516A02C93ABC5000BEE92 /* View */,
				707516A32C93ABD2000BEE92 /* ViewModel */,
			);
			path = Home;
			sourceTree = "<group>";
		};
		707516952C93A7F7000BEE92 /* Common */ = {
			isa = PBXGroup;
			children = (
				707516AD2C93BA5F000BEE92 /* Factories */,
				7075169F2C93AB9A000BEE92 /* Managers */,
			);
			path = Common;
			sourceTree = "<group>";
		};
		707516982C93A82B000BEE92 /* Models */ = {
			isa = PBXGroup;
			children = (
				707516992C93A84B000BEE92 /* Shoe.swift */,
			);
			path = Models;
			sourceTree = "<group>";
		};
		7075169C2C93AA73000BEE92 /* Domain */ = {
			isa = PBXGroup;
			children = (
				707516982C93A82B000BEE92 /* Models */,
				702EC1432C978A97003248BF /* UseCases */,
			);
			path = Domain;
			sourceTree = "<group>";
		};
		7075169F2C93AB9A000BEE92 /* Managers */ = {
			isa = PBXGroup;
			children = (
				707516962C93A80B000BEE92 /* JSONManager.swift */,
				702EC14A2C979091003248BF /* SwiftDataManager.swift */,
			);
			path = Managers;
			sourceTree = "<group>";
		};
		707516A02C93ABC5000BEE92 /* View */ = {
			isa = PBXGroup;
			children = (
				707516912C93A782000BEE92 /* HomeView.swift */,
			);
			path = View;
			sourceTree = "<group>";
		};
		707516A32C93ABD2000BEE92 /* ViewModel */ = {
			isa = PBXGroup;
			children = (
				707516A12C93ABCF000BEE92 /* HomeViewModel.swift */,
			);
			path = ViewModel;
			sourceTree = "<group>";
		};
		707516A42C93AEED000BEE92 /* Detail */ = {
			isa = PBXGroup;
			children = (
				707516A72C93AF0C000BEE92 /* View */,
				707516AA2C93AF26000BEE92 /* ViewModel */,
			);
			path = Detail;
			sourceTree = "<group>";
		};
		707516A72C93AF0C000BEE92 /* View */ = {
			isa = PBXGroup;
			children = (
				707516A52C93AF02000BEE92 /* DetailView.swift */,
				702EC1412C9783AE003248BF /* Detailed3DView.swift */,
			);
			path = View;
			sourceTree = "<group>";
		};
		707516AA2C93AF26000BEE92 /* ViewModel */ = {
			isa = PBXGroup;
			children = (
				707516A82C93AF1B000BEE92 /* DetailViewModel.swift */,
			);
			path = ViewModel;
			sourceTree = "<group>";
		};
		707516AD2C93BA5F000BEE92 /* Factories */ = {
			isa = PBXGroup;
			children = (
				702EC1462C978B32003248BF /* DetailFactory.swift */,
				707516AB2C93BA59000BEE92 /* HomeFactory.swift */,
			);
			path = Factories;
			sourceTree = "<group>";
		};
		708376ED2C93D118008DC7AB /* SpatialShoesTests */ = {
			isa = PBXGroup;
			children = (
				708376FB2C93D1A7008DC7AB /* Common */,
				708376FA2C93D19B008DC7AB /* Domain */,
				708377022C93D359008DC7AB /* Utils */,
			);
			path = SpatialShoesTests;
			sourceTree = "<group>";
		};
		708376F92C93D192008DC7AB /* Managers */ = {
			isa = PBXGroup;
			children = (
				708376FC2C93D1DF008DC7AB /* JSONManagerTests.swift */,
			);
			path = Managers;
			sourceTree = "<group>";
		};
		708376FA2C93D19B008DC7AB /* Domain */ = {
			isa = PBXGroup;
			children = (
				708376FE2C93D1F0008DC7AB /* ShoeDataRepositoryTests.swift */,
			);
			path = Domain;
			sourceTree = "<group>";
		};
		708376FB2C93D1A7008DC7AB /* Common */ = {
			isa = PBXGroup;
			children = (
				708376F92C93D192008DC7AB /* Managers */,
			);
			path = Common;
			sourceTree = "<group>";
		};
		708377022C93D359008DC7AB /* Utils */ = {
			isa = PBXGroup;
			children = (
				708377002C93D355008DC7AB /* ShoesTest.json */,
			);
			path = Utils;
			sourceTree = "<group>";
		};
		709982B42C979DFA00B0257A /* Frameworks */ = {
			isa = PBXGroup;
			children = (
			);
			name = Frameworks;
			sourceTree = "<group>";
		};
/* End PBXGroup section */

/* Begin PBXNativeTarget section */
		707516772C93A680000BEE92 /* SpatialShoes */ = {
			isa = PBXNativeTarget;
			buildConfigurationList = 7075168B2C93A681000BEE92 /* Build configuration list for PBXNativeTarget "SpatialShoes" */;
			buildPhases = (
				707516742C93A680000BEE92 /* Sources */,
				707516752C93A680000BEE92 /* Frameworks */,
				707516762C93A680000BEE92 /* Resources */,
			);
			buildRules = (
			);
			dependencies = (
			);
			name = SpatialShoes;
			packageProductDependencies = (
				709982B52C979DFA00B0257A /* SpatialShoesScene */,
			);
			productName = SpatialShoes;
			productReference = 707516782C93A680000BEE92 /* SpatialShoes.app */;
			productType = "com.apple.product-type.application";
		};
		708376EB2C93D118008DC7AB /* SpatialShoesTests */ = {
			isa = PBXNativeTarget;
			buildConfigurationList = 708376F42C93D118008DC7AB /* Build configuration list for PBXNativeTarget "SpatialShoesTests" */;
			buildPhases = (
				708376E82C93D118008DC7AB /* Sources */,
				708376E92C93D118008DC7AB /* Frameworks */,
				708376EA2C93D118008DC7AB /* Resources */,
			);
			buildRules = (
			);
			dependencies = (
				708376F12C93D118008DC7AB /* PBXTargetDependency */,
			);
			name = SpatialShoesTests;
			productName = SpatialShoesTests;
			productReference = 708376EC2C93D118008DC7AB /* SpatialShoesTests.xctest */;
			productType = "com.apple.product-type.bundle.unit-test";
		};
/* End PBXNativeTarget section */

/* Begin PBXProject section */
		707516702C93A680000BEE92 /* Project object */ = {
			isa = PBXProject;
			attributes = {
				BuildIndependentTargetsInParallel = 1;
				LastSwiftUpdateCheck = 1540;
				LastUpgradeCheck = 1540;
				TargetAttributes = {
					707516772C93A680000BEE92 = {
						CreatedOnToolsVersion = 15.4;
					};
					708376EB2C93D118008DC7AB = {
						CreatedOnToolsVersion = 15.4;
						TestTargetID = 707516772C93A680000BEE92;
					};
				};
			};
			buildConfigurationList = 707516732C93A680000BEE92 /* Build configuration list for PBXProject "SpatialShoes" */;
			compatibilityVersion = "Xcode 14.0";
			developmentRegion = en;
			hasScannedForEncodings = 0;
			knownRegions = (
				en,
				Base,
			);
			mainGroup = 7075166F2C93A680000BEE92;
			productRefGroup = 707516792C93A680000BEE92 /* Products */;
			projectDirPath = "";
			projectRoot = "";
			targets = (
				707516772C93A680000BEE92 /* SpatialShoes */,
				708376EB2C93D118008DC7AB /* SpatialShoesTests */,
			);
		};
/* End PBXProject section */

/* Begin PBXResourcesBuildPhase section */
		707516762C93A680000BEE92 /* Resources */ = {
			isa = PBXResourcesBuildPhase;
			buildActionMask = 2147483647;
			files = (
				707516872C93A681000BEE92 /* Preview Assets.xcassets in Resources */,
				707516942C93A7AC000BEE92 /* Shoes.json in Resources */,
				707516842C93A681000BEE92 /* Assets.xcassets in Resources */,
			);
			runOnlyForDeploymentPostprocessing = 0;
		};
		708376EA2C93D118008DC7AB /* Resources */ = {
			isa = PBXResourcesBuildPhase;
			buildActionMask = 2147483647;
			files = (
				708377012C93D355008DC7AB /* ShoesTest.json in Resources */,
			);
			runOnlyForDeploymentPostprocessing = 0;
		};
/* End PBXResourcesBuildPhase section */

/* Begin PBXSourcesBuildPhase section */
		707516742C93A680000BEE92 /* Sources */ = {
			isa = PBXSourcesBuildPhase;
			buildActionMask = 2147483647;
			files = (
				7075169A2C93A84B000BEE92 /* Shoe.swift in Sources */,
				702EC14B2C979091003248BF /* SwiftDataManager.swift in Sources */,
				702EC1472C978B32003248BF /* DetailFactory.swift in Sources */,
				702EC1492C978F39003248BF /* FavoriteShoesRepository.swift in Sources */,
				707516A22C93ABCF000BEE92 /* HomeViewModel.swift in Sources */,
				707516802C93A680000BEE92 /* SpatialShoesApp.swift in Sources */,
				702EC1422C9783AE003248BF /* Detailed3DView.swift in Sources */,
				707516A62C93AF02000BEE92 /* DetailView.swift in Sources */,
				7075169E2C93AA92000BEE92 /* ShoeDataRepository.swift in Sources */,
				707516972C93A80B000BEE92 /* JSONManager.swift in Sources */,
				707516922C93A782000BEE92 /* HomeView.swift in Sources */,
				702EC1452C978AB0003248BF /* FavoriteShoesUseCase.swift in Sources */,
				707516A92C93AF1B000BEE92 /* DetailViewModel.swift in Sources */,
				707516AC2C93BA59000BEE92 /* HomeFactory.swift in Sources */,
			);
			runOnlyForDeploymentPostprocessing = 0;
		};
		708376E82C93D118008DC7AB /* Sources */ = {
			isa = PBXSourcesBuildPhase;
			buildActionMask = 2147483647;
			files = (
				708376FF2C93D1F0008DC7AB /* ShoeDataRepositoryTests.swift in Sources */,
				708376FD2C93D1DF008DC7AB /* JSONManagerTests.swift in Sources */,
			);
			runOnlyForDeploymentPostprocessing = 0;
		};
/* End PBXSourcesBuildPhase section */

/* Begin PBXTargetDependency section */
		708376F12C93D118008DC7AB /* PBXTargetDependency */ = {
			isa = PBXTargetDependency;
			target = 707516772C93A680000BEE92 /* SpatialShoes */;
			targetProxy = 708376F02C93D118008DC7AB /* PBXContainerItemProxy */;
		};
/* End PBXTargetDependency section */

/* Begin XCBuildConfiguration section */
		707516892C93A681000BEE92 /* Debug */ = {
			isa = XCBuildConfiguration;
			buildSettings = {
				ALWAYS_SEARCH_USER_PATHS = NO;
				ASSETCATALOG_COMPILER_GENERATE_SWIFT_ASSET_SYMBOL_EXTENSIONS = YES;
				CLANG_ANALYZER_NONNULL = YES;
				CLANG_ANALYZER_NUMBER_OBJECT_CONVERSION = YES_AGGRESSIVE;
				CLANG_CXX_LANGUAGE_STANDARD = "gnu++20";
				CLANG_ENABLE_MODULES = YES;
				CLANG_ENABLE_OBJC_ARC = YES;
				CLANG_ENABLE_OBJC_WEAK = YES;
				CLANG_WARN_BLOCK_CAPTURE_AUTORELEASING = YES;
				CLANG_WARN_BOOL_CONVERSION = YES;
				CLANG_WARN_COMMA = YES;
				CLANG_WARN_CONSTANT_CONVERSION = YES;
				CLANG_WARN_DEPRECATED_OBJC_IMPLEMENTATIONS = YES;
				CLANG_WARN_DIRECT_OBJC_ISA_USAGE = YES_ERROR;
				CLANG_WARN_DOCUMENTATION_COMMENTS = YES;
				CLANG_WARN_EMPTY_BODY = YES;
				CLANG_WARN_ENUM_CONVERSION = YES;
				CLANG_WARN_INFINITE_RECURSION = YES;
				CLANG_WARN_INT_CONVERSION = YES;
				CLANG_WARN_NON_LITERAL_NULL_CONVERSION = YES;
				CLANG_WARN_OBJC_IMPLICIT_RETAIN_SELF = YES;
				CLANG_WARN_OBJC_LITERAL_CONVERSION = YES;
				CLANG_WARN_OBJC_ROOT_CLASS = YES_ERROR;
				CLANG_WARN_QUOTED_INCLUDE_IN_FRAMEWORK_HEADER = YES;
				CLANG_WARN_RANGE_LOOP_ANALYSIS = YES;
				CLANG_WARN_STRICT_PROTOTYPES = YES;
				CLANG_WARN_SUSPICIOUS_MOVE = YES;
				CLANG_WARN_UNGUARDED_AVAILABILITY = YES_AGGRESSIVE;
				CLANG_WARN_UNREACHABLE_CODE = YES;
				CLANG_WARN__DUPLICATE_METHOD_MATCH = YES;
				COPY_PHASE_STRIP = NO;
				DEBUG_INFORMATION_FORMAT = dwarf;
				ENABLE_STRICT_OBJC_MSGSEND = YES;
				ENABLE_TESTABILITY = YES;
				ENABLE_USER_SCRIPT_SANDBOXING = YES;
				GCC_C_LANGUAGE_STANDARD = gnu17;
				GCC_DYNAMIC_NO_PIC = NO;
				GCC_NO_COMMON_BLOCKS = YES;
				GCC_OPTIMIZATION_LEVEL = 0;
				GCC_PREPROCESSOR_DEFINITIONS = (
					"DEBUG=1",
					"$(inherited)",
				);
				GCC_WARN_64_TO_32_BIT_CONVERSION = YES;
				GCC_WARN_ABOUT_RETURN_TYPE = YES_ERROR;
				GCC_WARN_UNDECLARED_SELECTOR = YES;
				GCC_WARN_UNINITIALIZED_AUTOS = YES_AGGRESSIVE;
				GCC_WARN_UNUSED_FUNCTION = YES;
				GCC_WARN_UNUSED_VARIABLE = YES;
				LOCALIZATION_PREFERS_STRING_CATALOGS = YES;
				MTL_ENABLE_DEBUG_INFO = INCLUDE_SOURCE;
				MTL_FAST_MATH = YES;
				ONLY_ACTIVE_ARCH = YES;
				SDKROOT = xros;
				SWIFT_ACTIVE_COMPILATION_CONDITIONS = "DEBUG $(inherited)";
				SWIFT_OPTIMIZATION_LEVEL = "-Onone";
				XROS_DEPLOYMENT_TARGET = 1.2;
			};
			name = Debug;
		};
		7075168A2C93A681000BEE92 /* Release */ = {
			isa = XCBuildConfiguration;
			buildSettings = {
				ALWAYS_SEARCH_USER_PATHS = NO;
				ASSETCATALOG_COMPILER_GENERATE_SWIFT_ASSET_SYMBOL_EXTENSIONS = YES;
				CLANG_ANALYZER_NONNULL = YES;
				CLANG_ANALYZER_NUMBER_OBJECT_CONVERSION = YES_AGGRESSIVE;
				CLANG_CXX_LANGUAGE_STANDARD = "gnu++20";
				CLANG_ENABLE_MODULES = YES;
				CLANG_ENABLE_OBJC_ARC = YES;
				CLANG_ENABLE_OBJC_WEAK = YES;
				CLANG_WARN_BLOCK_CAPTURE_AUTORELEASING = YES;
				CLANG_WARN_BOOL_CONVERSION = YES;
				CLANG_WARN_COMMA = YES;
				CLANG_WARN_CONSTANT_CONVERSION = YES;
				CLANG_WARN_DEPRECATED_OBJC_IMPLEMENTATIONS = YES;
				CLANG_WARN_DIRECT_OBJC_ISA_USAGE = YES_ERROR;
				CLANG_WARN_DOCUMENTATION_COMMENTS = YES;
				CLANG_WARN_EMPTY_BODY = YES;
				CLANG_WARN_ENUM_CONVERSION = YES;
				CLANG_WARN_INFINITE_RECURSION = YES;
				CLANG_WARN_INT_CONVERSION = YES;
				CLANG_WARN_NON_LITERAL_NULL_CONVERSION = YES;
				CLANG_WARN_OBJC_IMPLICIT_RETAIN_SELF = YES;
				CLANG_WARN_OBJC_LITERAL_CONVERSION = YES;
				CLANG_WARN_OBJC_ROOT_CLASS = YES_ERROR;
				CLANG_WARN_QUOTED_INCLUDE_IN_FRAMEWORK_HEADER = YES;
				CLANG_WARN_RANGE_LOOP_ANALYSIS = YES;
				CLANG_WARN_STRICT_PROTOTYPES = YES;
				CLANG_WARN_SUSPICIOUS_MOVE = YES;
				CLANG_WARN_UNGUARDED_AVAILABILITY = YES_AGGRESSIVE;
				CLANG_WARN_UNREACHABLE_CODE = YES;
				CLANG_WARN__DUPLICATE_METHOD_MATCH = YES;
				COPY_PHASE_STRIP = NO;
				DEBUG_INFORMATION_FORMAT = "dwarf-with-dsym";
				ENABLE_NS_ASSERTIONS = NO;
				ENABLE_STRICT_OBJC_MSGSEND = YES;
				ENABLE_USER_SCRIPT_SANDBOXING = YES;
				GCC_C_LANGUAGE_STANDARD = gnu17;
				GCC_NO_COMMON_BLOCKS = YES;
				GCC_WARN_64_TO_32_BIT_CONVERSION = YES;
				GCC_WARN_ABOUT_RETURN_TYPE = YES_ERROR;
				GCC_WARN_UNDECLARED_SELECTOR = YES;
				GCC_WARN_UNINITIALIZED_AUTOS = YES_AGGRESSIVE;
				GCC_WARN_UNUSED_FUNCTION = YES;
				GCC_WARN_UNUSED_VARIABLE = YES;
				LOCALIZATION_PREFERS_STRING_CATALOGS = YES;
				MTL_ENABLE_DEBUG_INFO = NO;
				MTL_FAST_MATH = YES;
				SDKROOT = xros;
				SWIFT_COMPILATION_MODE = wholemodule;
				VALIDATE_PRODUCT = YES;
				XROS_DEPLOYMENT_TARGET = 1.2;
			};
			name = Release;
		};
		7075168C2C93A681000BEE92 /* Debug */ = {
			isa = XCBuildConfiguration;
			buildSettings = {
				ASSETCATALOG_COMPILER_APPICON_NAME = AppIcon;
				ASSETCATALOG_COMPILER_GLOBAL_ACCENT_COLOR_NAME = AccentColor;
				CODE_SIGN_STYLE = Automatic;
				CURRENT_PROJECT_VERSION = 1;
				DEVELOPMENT_ASSET_PATHS = "\"SpatialShoes/Preview Content\"";
				DEVELOPMENT_TEAM = UTN2YWBKP2;
				ENABLE_PREVIEWS = YES;
				GENERATE_INFOPLIST_FILE = YES;
				INFOPLIST_FILE = "$(TARGET_NAME)/Info.plist";
				LD_RUNPATH_SEARCH_PATHS = (
					"$(inherited)",
					"@executable_path/Frameworks",
				);
				MARKETING_VERSION = 1.0;
				PRODUCT_BUNDLE_IDENTIFIER = com.carlosrasensio.SpatialShoes;
				PRODUCT_NAME = "$(TARGET_NAME)";
				SUPPORTED_PLATFORMS = "xros xrsimulator";
				SWIFT_EMIT_LOC_STRINGS = YES;
				SWIFT_VERSION = 5.0;
				TARGETED_DEVICE_FAMILY = "1,2,7";
			};
			name = Debug;
		};
		7075168D2C93A681000BEE92 /* Release */ = {
			isa = XCBuildConfiguration;
			buildSettings = {
				ASSETCATALOG_COMPILER_APPICON_NAME = AppIcon;
				ASSETCATALOG_COMPILER_GLOBAL_ACCENT_COLOR_NAME = AccentColor;
				CODE_SIGN_STYLE = Automatic;
				CURRENT_PROJECT_VERSION = 1;
				DEVELOPMENT_ASSET_PATHS = "\"SpatialShoes/Preview Content\"";
				DEVELOPMENT_TEAM = UTN2YWBKP2;
				ENABLE_PREVIEWS = YES;
				GENERATE_INFOPLIST_FILE = YES;
				INFOPLIST_FILE = "$(TARGET_NAME)/Info.plist";
				LD_RUNPATH_SEARCH_PATHS = (
					"$(inherited)",
					"@executable_path/Frameworks",
				);
				MARKETING_VERSION = 1.0;
				PRODUCT_BUNDLE_IDENTIFIER = com.carlosrasensio.SpatialShoes;
				PRODUCT_NAME = "$(TARGET_NAME)";
				SUPPORTED_PLATFORMS = "xros xrsimulator";
				SWIFT_EMIT_LOC_STRINGS = YES;
				SWIFT_VERSION = 5.0;
				TARGETED_DEVICE_FAMILY = "1,2,7";
			};
			name = Release;
		};
		708376F22C93D118008DC7AB /* Debug */ = {
			isa = XCBuildConfiguration;
			buildSettings = {
				BUNDLE_LOADER = "$(TEST_HOST)";
				CODE_SIGN_STYLE = Automatic;
				CURRENT_PROJECT_VERSION = 1;
				DEVELOPMENT_TEAM = UTN2YWBKP2;
				GENERATE_INFOPLIST_FILE = YES;
				MARKETING_VERSION = 1.0;
				PRODUCT_BUNDLE_IDENTIFIER = com.carlosrasensio.SpatialShoesTests;
				PRODUCT_NAME = "$(TARGET_NAME)";
				SUPPORTED_PLATFORMS = "xros xrsimulator";
				SWIFT_EMIT_LOC_STRINGS = NO;
				SWIFT_VERSION = 5.0;
				TARGETED_DEVICE_FAMILY = "1,2,7";
				TEST_HOST = "$(BUILT_PRODUCTS_DIR)/SpatialShoes.app/$(BUNDLE_EXECUTABLE_FOLDER_PATH)/SpatialShoes";
			};
			name = Debug;
		};
		708376F32C93D118008DC7AB /* Release */ = {
			isa = XCBuildConfiguration;
			buildSettings = {
				BUNDLE_LOADER = "$(TEST_HOST)";
				CODE_SIGN_STYLE = Automatic;
				CURRENT_PROJECT_VERSION = 1;
				DEVELOPMENT_TEAM = UTN2YWBKP2;
				GENERATE_INFOPLIST_FILE = YES;
				MARKETING_VERSION = 1.0;
				PRODUCT_BUNDLE_IDENTIFIER = com.carlosrasensio.SpatialShoesTests;
				PRODUCT_NAME = "$(TARGET_NAME)";
				SUPPORTED_PLATFORMS = "xros xrsimulator";
				SWIFT_EMIT_LOC_STRINGS = NO;
				SWIFT_VERSION = 5.0;
				TARGETED_DEVICE_FAMILY = "1,2,7";
				TEST_HOST = "$(BUILT_PRODUCTS_DIR)/SpatialShoes.app/$(BUNDLE_EXECUTABLE_FOLDER_PATH)/SpatialShoes";
			};
			name = Release;
		};
/* End XCBuildConfiguration section */

/* Begin XCConfigurationList section */
		707516732C93A680000BEE92 /* Build configuration list for PBXProject "SpatialShoes" */ = {
			isa = XCConfigurationList;
			buildConfigurations = (
				707516892C93A681000BEE92 /* Debug */,
				7075168A2C93A681000BEE92 /* Release */,
			);
			defaultConfigurationIsVisible = 0;
			defaultConfigurationName = Release;
		};
		7075168B2C93A681000BEE92 /* Build configuration list for PBXNativeTarget "SpatialShoes" */ = {
			isa = XCConfigurationList;
			buildConfigurations = (
				7075168C2C93A681000BEE92 /* Debug */,
				7075168D2C93A681000BEE92 /* Release */,
			);
			defaultConfigurationIsVisible = 0;
			defaultConfigurationName = Release;
		};
		708376F42C93D118008DC7AB /* Build configuration list for PBXNativeTarget "SpatialShoesTests" */ = {
			isa = XCConfigurationList;
			buildConfigurations = (
				708376F22C93D118008DC7AB /* Debug */,
				708376F32C93D118008DC7AB /* Release */,
			);
			defaultConfigurationIsVisible = 0;
			defaultConfigurationName = Release;
		};
/* End XCConfigurationList section */

/* Begin XCSwiftPackageProductDependency section */
		709982B52C979DFA00B0257A /* SpatialShoesScene */ = {
			isa = XCSwiftPackageProductDependency;
			productName = SpatialShoesScene;
		};
/* End XCSwiftPackageProductDependency section */
	};
	rootObject = 707516702C93A680000BEE92 /* Project object */;
}
